// !$*UTF8*$!
{
	archiveVersion = 1;
	classes = {
	};
	objectVersion = 56;
	objects = {

/* Begin PBXBuildFile section */
		AA3D675B295012930092E2D6 /* ToDoList_SwiftUIRealmApp.swift in Sources */ = {isa = PBXBuildFile; fileRef = AA3D675A295012930092E2D6 /* ToDoList_SwiftUIRealmApp.swift */; };
		AA3D675D295012930092E2D6 /* ContentView.swift in Sources */ = {isa = PBXBuildFile; fileRef = AA3D675C295012930092E2D6 /* ContentView.swift */; };
		AA3D675F295012960092E2D6 /* Assets.xcassets in Resources */ = {isa = PBXBuildFile; fileRef = AA3D675E295012960092E2D6 /* Assets.xcassets */; };
		AA3D6762295012960092E2D6 /* Preview Assets.xcassets in Resources */ = {isa = PBXBuildFile; fileRef = AA3D6761295012960092E2D6 /* Preview Assets.xcassets */; };
		AA3D677029501A590092E2D6 /* Home.swift in Sources */ = {isa = PBXBuildFile; fileRef = AA3D676F29501A590092E2D6 /* Home.swift */; };
		AA3D677229501B090092E2D6 /* TaskItem.swift in Sources */ = {isa = PBXBuildFile; fileRef = AA3D677129501B090092E2D6 /* TaskItem.swift */; };
		AA3D677529503B4C0092E2D6 /* Realm in Frameworks */ = {isa = PBXBuildFile; productRef = AA3D677429503B4C0092E2D6 /* Realm */; };
		AA3D677729503B4C0092E2D6 /* RealmSwift in Frameworks */ = {isa = PBXBuildFile; productRef = AA3D677629503B4C0092E2D6 /* RealmSwift */; };
/* End PBXBuildFile section */

/* Begin PBXFileReference section */
		AA3D6757295012930092E2D6 /* ToDoList-SwiftUIRealm.app */ = {isa = PBXFileReference; explicitFileType = wrapper.application; includeInIndex = 0; path = "ToDoList-SwiftUIRealm.app"; sourceTree = BUILT_PRODUCTS_DIR; };
		AA3D675A295012930092E2D6 /* ToDoList_SwiftUIRealmApp.swift */ = {isa = PBXFileReference; lastKnownFileType = sourcecode.swift; path = ToDoList_SwiftUIRealmApp.swift; sourceTree = "<group>"; };
		AA3D675C295012930092E2D6 /* ContentView.swift */ = {isa = PBXFileReference; lastKnownFileType = sourcecode.swift; path = ContentView.swift; sourceTree = "<group>"; };
		AA3D675E295012960092E2D6 /* Assets.xcassets */ = {isa = PBXFileReference; lastKnownFileType = folder.assetcatalog; path = Assets.xcassets; sourceTree = "<group>"; };
		AA3D6761295012960092E2D6 /* Preview Assets.xcassets */ = {isa = PBXFileReference; lastKnownFileType = folder.assetcatalog; path = "Preview Assets.xcassets"; sourceTree = "<group>"; };
		AA3D676F29501A590092E2D6 /* Home.swift */ = {isa = PBXFileReference; lastKnownFileType = sourcecode.swift; path = Home.swift; sourceTree = "<group>"; };
		AA3D677129501B090092E2D6 /* TaskItem.swift */ = {isa = PBXFileReference; lastKnownFileType = sourcecode.swift; path = TaskItem.swift; sourceTree = "<group>"; };
/* End PBXFileReference section */

/* Begin PBXFrameworksBuildPhase section */
		AA3D6754295012930092E2D6 /* Frameworks */ = {
			isa = PBXFrameworksBuildPhase;
			buildActionMask = 2147483647;
			files = (
				AA3D677729503B4C0092E2D6 /* RealmSwift in Frameworks */,
				AA3D677529503B4C0092E2D6 /* Realm in Frameworks */,
			);
			runOnlyForDeploymentPostprocessing = 0;
		};
/* End PBXFrameworksBuildPhase section */

/* Begin PBXGroup section */
		AA3D674E295012930092E2D6 = {
			isa = PBXGroup;
			children = (
				AA3D6759295012930092E2D6 /* ToDoList-SwiftUIRealm */,
				AA3D6758295012930092E2D6 /* Products */,
			);
			sourceTree = "<group>";
		};
		AA3D6758295012930092E2D6 /* Products */ = {
			isa = PBXGroup;
			children = (
				AA3D6757295012930092E2D6 /* ToDoList-SwiftUIRealm.app */,
			);
			name = Products;
			sourceTree = "<group>";
		};
		AA3D6759295012930092E2D6 /* ToDoList-SwiftUIRealm */ = {
			isa = PBXGroup;
			children = (
				AA3D676E29501A4B0092E2D6 /* Model */,
				AA3D676D29501A400092E2D6 /* View */,
				AA3D675A295012930092E2D6 /* ToDoList_SwiftUIRealmApp.swift */,
				AA3D675C295012930092E2D6 /* ContentView.swift */,
				AA3D675E295012960092E2D6 /* Assets.xcassets */,
				AA3D6760295012960092E2D6 /* Preview Content */,
			);
			path = "ToDoList-SwiftUIRealm";
			sourceTree = "<group>";
		};
		AA3D6760295012960092E2D6 /* Preview Content */ = {
			isa = PBXGroup;
			children = (
				AA3D6761295012960092E2D6 /* Preview Assets.xcassets */,
			);
			path = "Preview Content";
			sourceTree = "<group>";
		};
		AA3D676D29501A400092E2D6 /* View */ = {
			isa = PBXGroup;
			children = (
				AA3D676F29501A590092E2D6 /* Home.swift */,
			);
			path = View;
			sourceTree = "<group>";
		};
		AA3D676E29501A4B0092E2D6 /* Model */ = {
			isa = PBXGroup;
			children = (
				AA3D677129501B090092E2D6 /* TaskItem.swift */,
			);
			path = Model;
			sourceTree = "<group>";
		};
/* End PBXGroup section */

/* Begin PBXNativeTarget section */
		AA3D6756295012930092E2D6 /* ToDoList-SwiftUIRealm */ = {
			isa = PBXNativeTarget;
			buildConfigurationList = AA3D6765295012960092E2D6 /* Build configuration list for PBXNativeTarget "ToDoList-SwiftUIRealm" */;
			buildPhases = (
				AA3D6753295012930092E2D6 /* Sources */,
				AA3D6754295012930092E2D6 /* Frameworks */,
				AA3D6755295012930092E2D6 /* Resources */,
			);
			buildRules = (
			);
			dependencies = (
			);
			name = "ToDoList-SwiftUIRealm";
			packageProductDependencies = (
				AA3D677429503B4C0092E2D6 /* Realm */,
				AA3D677629503B4C0092E2D6 /* RealmSwift */,
			);
			productName = "ToDoList-SwiftUIRealm";
			productReference = AA3D6757295012930092E2D6 /* ToDoList-SwiftUIRealm.app */;
			productType = "com.apple.product-type.application";
		};
/* End PBXNativeTarget section */

/* Begin PBXProject section */
		AA3D674F295012930092E2D6 /* Project object */ = {
			isa = PBXProject;
			attributes = {
				BuildIndependentTargetsInParallel = 1;
				LastSwiftUpdateCheck = 1420;
				LastUpgradeCheck = 1420;
				TargetAttributes = {
					AA3D6756295012930092E2D6 = {
						CreatedOnToolsVersion = 14.2;
					};
				};
			};
			buildConfigurationList = AA3D6752295012930092E2D6 /* Build configuration list for PBXProject "ToDoList-SwiftUIRealm" */;
			compatibilityVersion = "Xcode 14.0";
			developmentRegion = en;
			hasScannedForEncodings = 0;
			knownRegions = (
				en,
				Base,
			);
			mainGroup = AA3D674E295012930092E2D6;
			packageReferences = (
				AA3D677329503B4C0092E2D6 /* XCRemoteSwiftPackageReference "realm-swift" */,
			);
			productRefGroup = AA3D6758295012930092E2D6 /* Products */;
			projectDirPath = "";
			projectRoot = "";
			targets = (
				AA3D6756295012930092E2D6 /* ToDoList-SwiftUIRealm */,
			);
		};
/* End PBXProject section */

/* Begin PBXResourcesBuildPhase section */
		AA3D6755295012930092E2D6 /* Resources */ = {
			isa = PBXResourcesBuildPhase;
			buildActionMask = 2147483647;
			files = (
				AA3D6762295012960092E2D6 /* Preview Assets.xcassets in Resources */,
				AA3D675F295012960092E2D6 /* Assets.xcassets in Resources */,
			);
			runOnlyForDeploymentPostprocessing = 0;
		};
/* End PBXResourcesBuildPhase section */

/* Begin PBXSourcesBuildPhase section */
		AA3D6753295012930092E2D6 /* Sources */ = {
			isa = PBXSourcesBuildPhase;
			buildActionMask = 2147483647;
			files = (
				AA3D675D295012930092E2D6 /* ContentView.swift in Sources */,
				AA3D677029501A590092E2D6 /* Home.swift in Sources */,
				AA3D675B295012930092E2D6 /* ToDoList_SwiftUIRealmApp.swift in Sources */,
				AA3D677229501B090092E2D6 /* TaskItem.swift in Sources */,
			);
			runOnlyForDeploymentPostprocessing = 0;
		};
/* End PBXSourcesBuildPhase section */

/* Begin XCBuildConfiguration section */
		AA3D6763295012960092E2D6 /* Debug */ = {
			isa = XCBuildConfiguration;
			buildSettings = {
				ALWAYS_SEARCH_USER_PATHS = NO;
				CLANG_ANALYZER_NONNULL = YES;
				CLANG_ANALYZER_NUMBER_OBJECT_CONVERSION = YES_AGGRESSIVE;
				CLANG_CXX_LANGUAGE_STANDARD = "gnu++20";
				CLANG_ENABLE_MODULES = YES;
				CLANG_ENABLE_OBJC_ARC = YES;
				CLANG_ENABLE_OBJC_WEAK = YES;
				CLANG_WARN_BLOCK_CAPTURE_AUTORELEASING = YES;
				CLANG_WARN_BOOL_CONVERSION = YES;
				CLANG_WARN_COMMA = YES;
				CLANG_WARN_CONSTANT_CONVERSION = YES;
				CLANG_WARN_DEPRECATED_OBJC_IMPLEMENTATIONS = YES;
				CLANG_WARN_DIRECT_OBJC_ISA_USAGE = YES_ERROR;
				CLANG_WARN_DOCUMENTATION_COMMENTS = YES;
				CLANG_WARN_EMPTY_BODY = YES;
				CLANG_WARN_ENUM_CONVERSION = YES;
				CLANG_WARN_INFINITE_RECURSION = YES;
				CLANG_WARN_INT_CONVERSION = YES;
				CLANG_WARN_NON_LITERAL_NULL_CONVERSION = YES;
				CLANG_WARN_OBJC_IMPLICIT_RETAIN_SELF = YES;
				CLANG_WARN_OBJC_LITERAL_CONVERSION = YES;
				CLANG_WARN_OBJC_ROOT_CLASS = YES_ERROR;
				CLANG_WARN_QUOTED_INCLUDE_IN_FRAMEWORK_HEADER = YES;
				CLANG_WARN_RANGE_LOOP_ANALYSIS = YES;
				CLANG_WARN_STRICT_PROTOTYPES = YES;
				CLANG_WARN_SUSPICIOUS_MOVE = YES;
				CLANG_WARN_UNGUARDED_AVAILABILITY = YES_AGGRESSIVE;
				CLANG_WARN_UNREACHABLE_CODE = YES;
				CLANG_WARN__DUPLICATE_METHOD_MATCH = YES;
				COPY_PHASE_STRIP = NO;
				DEBUG_INFORMATION_FORMAT = dwarf;
				ENABLE_STRICT_OBJC_MSGSEND = YES;
				ENABLE_TESTABILITY = YES;
				GCC_C_LANGUAGE_STANDARD = gnu11;
				GCC_DYNAMIC_NO_PIC = NO;
				GCC_NO_COMMON_BLOCKS = YES;
				GCC_OPTIMIZATION_LEVEL = 0;
				GCC_PREPROCESSOR_DEFINITIONS = (
					"DEBUG=1",
					"$(inherited)",
				);
				GCC_WARN_64_TO_32_BIT_CONVERSION = YES;
				GCC_WARN_ABOUT_RETURN_TYPE = YES_ERROR;
				GCC_WARN_UNDECLARED_SELECTOR = YES;
				GCC_WARN_UNINITIALIZED_AUTOS = YES_AGGRESSIVE;
				GCC_WARN_UNUSED_FUNCTION = YES;
				GCC_WARN_UNUSED_VARIABLE = YES;
				IPHONEOS_DEPLOYMENT_TARGET = 16.0;
				MTL_ENABLE_DEBUG_INFO = INCLUDE_SOURCE;
				MTL_FAST_MATH = YES;
				ONLY_ACTIVE_ARCH = YES;
				SDKROOT = iphoneos;
				SWIFT_ACTIVE_COMPILATION_CONDITIONS = DEBUG;
				SWIFT_OPTIMIZATION_LEVEL = "-Onone";
			};
			name = Debug;
		};
		AA3D6764295012960092E2D6 /* Release */ = {
			isa = XCBuildConfiguration;
			buildSettings = {
				ALWAYS_SEARCH_USER_PATHS = NO;
				CLANG_ANALYZER_NONNULL = YES;
				CLANG_ANALYZER_NUMBER_OBJECT_CONVERSION = YES_AGGRESSIVE;
				CLANG_CXX_LANGUAGE_STANDARD = "gnu++20";
				CLANG_ENABLE_MODULES = YES;
				CLANG_ENABLE_OBJC_ARC = YES;
				CLANG_ENABLE_OBJC_WEAK = YES;
				CLANG_WARN_BLOCK_CAPTURE_AUTORELEASING = YES;
				CLANG_WARN_BOOL_CONVERSION = YES;
				CLANG_WARN_COMMA = YES;
				CLANG_WARN_CONSTANT_CONVERSION = YES;
				CLANG_WARN_DEPRECATED_OBJC_IMPLEMENTATIONS = YES;
				CLANG_WARN_DIRECT_OBJC_ISA_USAGE = YES_ERROR;
				CLANG_WARN_DOCUMENTATION_COMMENTS = YES;
				CLANG_WARN_EMPTY_BODY = YES;
				CLANG_WARN_ENUM_CONVERSION = YES;
				CLANG_WARN_INFINITE_RECURSION = YES;
				CLANG_WARN_INT_CONVERSION = YES;
				CLANG_WARN_NON_LITERAL_NULL_CONVERSION = YES;
				CLANG_WARN_OBJC_IMPLICIT_RETAIN_SELF = YES;
				CLANG_WARN_OBJC_LITERAL_CONVERSION = YES;
				CLANG_WARN_OBJC_ROOT_CLASS = YES_ERROR;
				CLANG_WARN_QUOTED_INCLUDE_IN_FRAMEWORK_HEADER = YES;
				CLANG_WARN_RANGE_LOOP_ANALYSIS = YES;
				CLANG_WARN_STRICT_PROTOTYPES = YES;
				CLANG_WARN_SUSPICIOUS_MOVE = YES;
				CLANG_WARN_UNGUARDED_AVAILABILITY = YES_AGGRESSIVE;
				CLANG_WARN_UNREACHABLE_CODE = YES;
				CLANG_WARN__DUPLICATE_METHOD_MATCH = YES;
				COPY_PHASE_STRIP = NO;
				DEBUG_INFORMATION_FORMAT = "dwarf-with-dsym";
				ENABLE_NS_ASSERTIONS = NO;
				ENABLE_STRICT_OBJC_MSGSEND = YES;
				GCC_C_LANGUAGE_STANDARD = gnu11;
				GCC_NO_COMMON_BLOCKS = YES;
				GCC_WARN_64_TO_32_BIT_CONVERSION = YES;
				GCC_WARN_ABOUT_RETURN_TYPE = YES_ERROR;
				GCC_WARN_UNDECLARED_SELECTOR = YES;
				GCC_WARN_UNINITIALIZED_AUTOS = YES_AGGRESSIVE;
				GCC_WARN_UNUSED_FUNCTION = YES;
				GCC_WARN_UNUSED_VARIABLE = YES;
				IPHONEOS_DEPLOYMENT_TARGET = 16.0;
				MTL_ENABLE_DEBUG_INFO = NO;
				MTL_FAST_MATH = YES;
				SDKROOT = iphoneos;
				SWIFT_COMPILATION_MODE = wholemodule;
				SWIFT_OPTIMIZATION_LEVEL = "-O";
				VALIDATE_PRODUCT = YES;
			};
			name = Release;
		};
		AA3D6766295012960092E2D6 /* Debug */ = {
			isa = XCBuildConfiguration;
			buildSettings = {
				ASSETCATALOG_COMPILER_APPICON_NAME = AppIcon;
				ASSETCATALOG_COMPILER_GLOBAL_ACCENT_COLOR_NAME = AccentColor;
				CODE_SIGN_STYLE = Automatic;
				CURRENT_PROJECT_VERSION = 1;
				DEVELOPMENT_ASSET_PATHS = "\"ToDoList-SwiftUIRealm/Preview Content\"";
				DEVELOPMENT_TEAM = 2UYV54B9WB;
				ENABLE_PREVIEWS = YES;
				GENERATE_INFOPLIST_FILE = YES;
				INFOPLIST_KEY_UIApplicationSceneManifest_Generation = YES;
				INFOPLIST_KEY_UIApplicationSupportsIndirectInputEvents = YES;
				INFOPLIST_KEY_UILaunchScreen_Generation = YES;
				INFOPLIST_KEY_UISupportedInterfaceOrientations_iPad = "UIInterfaceOrientationPortrait UIInterfaceOrientationPortraitUpsideDown UIInterfaceOrientationLandscapeLeft UIInterfaceOrientationLandscapeRight";
				INFOPLIST_KEY_UISupportedInterfaceOrientations_iPhone = "UIInterfaceOrientationPortrait UIInterfaceOrientationLandscapeLeft UIInterfaceOrientationLandscapeRight";
				LD_RUNPATH_SEARCH_PATHS = (
					"$(inherited)",
					"@executable_path/Frameworks",
				);
				MARKETING_VERSION = 1.0;
				PRODUCT_BUNDLE_IDENTIFIER = "com.alaxhenry.ToDoList-SwiftUIRealm";
				PRODUCT_NAME = "$(TARGET_NAME)";
				SWIFT_EMIT_LOC_STRINGS = YES;
				SWIFT_VERSION = 5.0;
				TARGETED_DEVICE_FAMILY = "1,2";
			};
			name = Debug;
		};
		AA3D6767295012960092E2D6 /* Release */ = {
			isa = XCBuildConfiguration;
			buildSettings = {
				ASSETCATALOG_COMPILER_APPICON_NAME = AppIcon;
				ASSETCATALOG_COMPILER_GLOBAL_ACCENT_COLOR_NAME = AccentColor;
				CODE_SIGN_STYLE = Automatic;
				CURRENT_PROJECT_VERSION = 1;
				DEVELOPMENT_ASSET_PATHS = "\"ToDoList-SwiftUIRealm/Preview Content\"";
				DEVELOPMENT_TEAM = 2UYV54B9WB;
				ENABLE_PREVIEWS = YES;
				GENERATE_INFOPLIST_FILE = YES;
				INFOPLIST_KEY_UIApplicationSceneManifest_Generation = YES;
				INFOPLIST_KEY_UIApplicationSupportsIndirectInputEvents = YES;
				INFOPLIST_KEY_UILaunchScreen_Generation = YES;
				INFOPLIST_KEY_UISupportedInterfaceOrientations_iPad = "UIInterfaceOrientationPortrait UIInterfaceOrientationPortraitUpsideDown UIInterfaceOrientationLandscapeLeft UIInterfaceOrientationLandscapeRight";
				INFOPLIST_KEY_UISupportedInterfaceOrientations_iPhone = "UIInterfaceOrientationPortrait UIInterfaceOrientationLandscapeLeft UIInterfaceOrientationLandscapeRight";
				LD_RUNPATH_SEARCH_PATHS = (
					"$(inherited)",
					"@executable_path/Frameworks",
				);
				MARKETING_VERSION = 1.0;
				PRODUCT_BUNDLE_IDENTIFIER = "com.alaxhenry.ToDoList-SwiftUIRealm";
				PRODUCT_NAME = "$(TARGET_NAME)";
				SWIFT_EMIT_LOC_STRINGS = YES;
				SWIFT_VERSION = 5.0;
				TARGETED_DEVICE_FAMILY = "1,2";
			};
			name = Release;
		};
/* End XCBuildConfiguration section */

/* Begin XCConfigurationList section */
		AA3D6752295012930092E2D6 /* Build configuration list for PBXProject "ToDoList-SwiftUIRealm" */ = {
			isa = XCConfigurationList;
			buildConfigurations = (
				AA3D6763295012960092E2D6 /* Debug */,
				AA3D6764295012960092E2D6 /* Release */,
			);
			defaultConfigurationIsVisible = 0;
			defaultConfigurationName = Release;
		};
		AA3D6765295012960092E2D6 /* Build configuration list for PBXNativeTarget "ToDoList-SwiftUIRealm" */ = {
			isa = XCConfigurationList;
			buildConfigurations = (
				AA3D6766295012960092E2D6 /* Debug */,
				AA3D6767295012960092E2D6 /* Release */,
			);
			defaultConfigurationIsVisible = 0;
			defaultConfigurationName = Release;
		};
/* End XCConfigurationList section */

/* Begin XCRemoteSwiftPackageReference section */
		AA3D677329503B4C0092E2D6 /* XCRemoteSwiftPackageReference "realm-swift" */ = {
			isa = XCRemoteSwiftPackageReference;
			repositoryURL = "https://github.com/realm/realm-swift.git";
			requirement = {
				branch = master;
				kind = branch;
			};
		};
/* End XCRemoteSwiftPackageReference section */

/* Begin XCSwiftPackageProductDependency section */
		AA3D677429503B4C0092E2D6 /* Realm */ = {
			isa = XCSwiftPackageProductDependency;
			package = AA3D677329503B4C0092E2D6 /* XCRemoteSwiftPackageReference "realm-swift" */;
			productName = Realm;
		};
		AA3D677629503B4C0092E2D6 /* RealmSwift */ = {
			isa = XCSwiftPackageProductDependency;
			package = AA3D677329503B4C0092E2D6 /* XCRemoteSwiftPackageReference "realm-swift" */;
			productName = RealmSwift;
		};
/* End XCSwiftPackageProductDependency section */
	};
	rootObject = AA3D674F295012930092E2D6 /* Project object */;
}
